github.com/negmat87/bank v0.0.0-20210406032029-31b975bdd6ff h1:am73FTkrWyvO+GgbmHUD0yknky9bekRn9KWhuGSpb8Q=
github.com/negmat87/bank v0.0.0-20210406032029-31b975bdd6ff/go.mod h1:f0UMzwkiA7ycwKN6QJz5+jE0n0G/pJyBskQQFFZ2I8w=
github.com/negmat87/bank v0.0.0-20210406055300-33d908e61107 h1:IQxt2qYFXmDankdhBVXT+xon7E55fJgzCMJlpdxImuI=
github.com/negmat87/bank v0.0.0-20210406055300-33d908e61107/go.mod h1:f0UMzwkiA7ycwKN6QJz5+jE0n0G/pJyBskQQFFZ2I8w=
